
Microsoft Visual Studio Solution File, Format Version 12.00
# Visual Studio Version 16
VisualStudioVersion = 16.0.29613.14
MinimumVisualStudioVersion = 10.0.40219.1
Project("{9A19103F-16F7-4668-BE54-9A1E7A4F7556}") = "GnomeBot", "GnomeBot.csproj", "{B385767E-7341-46C5-837E-263F0C3426B2}"
EndProject
Global
	GlobalSection(SolutionConfigurationPlatforms) = preSolution
		Debug|Any CPU = Debug|Any CPU
		Release|Any CPU = Release|Any CPU
	EndGlobalSection
	GlobalSection(ProjectConfigurationPlatforms) = postSolution
		{B385767E-7341-46C5-837E-263F0C3426B2}.Debug|Any CPU.ActiveCfg = Debug|Any CPU
		{B385767E-7341-46C5-837E-263F0C3426B2}.Debug|Any CPU.Build.0 = Debug|Any CPU
		{B385767E-7341-46C5-837E-263F0C3426B2}.Release|Any CPU.ActiveCfg = Release|Any CPU
		{B385767E-7341-46C5-837E-263F0C3426B2}.Release|Any CPU.Build.0 = Release|Any CPU
	EndGlobalSection
	GlobalSection(SolutionProperties) = preSolution
		HideSolutionNode = FALSE
	EndGlobalSection
	GlobalSection(ExtensibilityGlobals) = postSolution
		SolutionGuid = {54DF525A-FE05-440E-A68F-E9F5389867DB}
	EndGlobalSection
EndGlobal
